// !$*UTF8*$!
{
	archiveVersion = 1;
	classes = {
	};
	objectVersion = 55;
	objects = {

/* Begin PBXBuildFile section */
		0A22A7FB28D0D6F1002D2C34 /* TabBarController.swift in Sources */ = {isa = PBXBuildFile; fileRef = 0A22A7FA28D0D6F1002D2C34 /* TabBarController.swift */; };
		0A22A7FE28D0DBED002D2C34 /* SearchViewController.swift in Sources */ = {isa = PBXBuildFile; fileRef = 0A22A7FD28D0DBED002D2C34 /* SearchViewController.swift */; };
		0A22A80028D0DC0E002D2C34 /* SearchView.swift in Sources */ = {isa = PBXBuildFile; fileRef = 0A22A7FF28D0DC0E002D2C34 /* SearchView.swift */; };
		0A22A80228D0ED80002D2C34 /* Transition+Extension.swift in Sources */ = {isa = PBXBuildFile; fileRef = 0A22A80128D0ED7F002D2C34 /* Transition+Extension.swift */; };
		0A22A80428D1CC85002D2C34 /* SearchCollectionViewCell.swift in Sources */ = {isa = PBXBuildFile; fileRef = 0A22A80328D1CC85002D2C34 /* SearchCollectionViewCell.swift */; };
		0A22A81228D1FD74002D2C34 /* Notice.swift in Sources */ = {isa = PBXBuildFile; fileRef = 0A22A81128D1FD74002D2C34 /* Notice.swift */; };
		0A22A81A28D20048002D2C34 /* IM_Hyemin-Bold.otf in Resources */ = {isa = PBXBuildFile; fileRef = 0A22A81528D20048002D2C34 /* IM_Hyemin-Bold.otf */; };
		0A22A81C28D20048002D2C34 /* IM_Hyemin-Regular.otf in Resources */ = {isa = PBXBuildFile; fileRef = 0A22A81728D20048002D2C34 /* IM_Hyemin-Regular.otf */; };
		0A22A82128D24A7A002D2C34 /* MediaModel.swift in Sources */ = {isa = PBXBuildFile; fileRef = 0A22A82028D24A7A002D2C34 /* MediaModel.swift */; };
		0A22A82328D2CC07002D2C34 /* UIViewController+Extension.swift in Sources */ = {isa = PBXBuildFile; fileRef = 0A22A82228D2CC07002D2C34 /* UIViewController+Extension.swift */; };
		0A31E08828E2E53C00D0C79B /* Record.swift in Sources */ = {isa = PBXBuildFile; fileRef = 0A31E08728E2E53C00D0C79B /* Record.swift */; };
		0A31E08C28E3463200D0C79B /* Person.swift in Sources */ = {isa = PBXBuildFile; fileRef = 0A31E08B28E3463200D0C79B /* Person.swift */; };
		0A31E09328E4A42100D0C79B /* DetailViewController.swift in Sources */ = {isa = PBXBuildFile; fileRef = 0A31E09228E4A42100D0C79B /* DetailViewController.swift */; };
		0A31E09528E4A45100D0C79B /* DetailView.swift in Sources */ = {isa = PBXBuildFile; fileRef = 0A31E09428E4A45100D0C79B /* DetailView.swift */; };
		0A31E09728E4A53100D0C79B /* MediaInfoHeaderView.swift in Sources */ = {isa = PBXBuildFile; fileRef = 0A31E09628E4A53100D0C79B /* MediaInfoHeaderView.swift */; };
		0A31E09928E4AB2900D0C79B /* CustomLabel.swift in Sources */ = {isa = PBXBuildFile; fileRef = 0A31E09828E4AB2900D0C79B /* CustomLabel.swift */; };
		0A3F32F628CB4B7500B51DEA /* AppDelegate.swift in Sources */ = {isa = PBXBuildFile; fileRef = 0A3F32F528CB4B7500B51DEA /* AppDelegate.swift */; };
		0A3F32F828CB4B7500B51DEA /* SceneDelegate.swift in Sources */ = {isa = PBXBuildFile; fileRef = 0A3F32F728CB4B7500B51DEA /* SceneDelegate.swift */; };
		0A3F32FD28CB4B7500B51DEA /* Main.storyboard in Resources */ = {isa = PBXBuildFile; fileRef = 0A3F32FB28CB4B7500B51DEA /* Main.storyboard */; };
		0A3F32FF28CB4B7600B51DEA /* Assets.xcassets in Resources */ = {isa = PBXBuildFile; fileRef = 0A3F32FE28CB4B7600B51DEA /* Assets.xcassets */; };
		0A3F330228CB4B7600B51DEA /* LaunchScreen.storyboard in Resources */ = {isa = PBXBuildFile; fileRef = 0A3F330028CB4B7600B51DEA /* LaunchScreen.storyboard */; };
		0A3F330A28CB4BC400B51DEA /* .gitignore in Resources */ = {isa = PBXBuildFile; fileRef = 0A3F330928CB4BC400B51DEA /* .gitignore */; };
		0A439C7528E05A400032A687 /* PosterImageView.swift in Sources */ = {isa = PBXBuildFile; fileRef = 0A439C7428E05A400032A687 /* PosterImageView.swift */; };
		0A439C7A28E060E90032A687 /* SettingsViewController.swift in Sources */ = {isa = PBXBuildFile; fileRef = 0A439C7928E060E90032A687 /* SettingsViewController.swift */; };
		0A439C7E28E0610C0032A687 /* SettingsTableViewCell.swift in Sources */ = {isa = PBXBuildFile; fileRef = 0A439C7D28E0610C0032A687 /* SettingsTableViewCell.swift */; };
		0A439C8028E06CB30032A687 /* SettingsView.swift in Sources */ = {isa = PBXBuildFile; fileRef = 0A439C7F28E06CB30032A687 /* SettingsView.swift */; };
		0A439C8228E0BA8F0032A687 /* SettingsTitle.swift in Sources */ = {isa = PBXBuildFile; fileRef = 0A439C8128E0BA8F0032A687 /* SettingsTitle.swift */; };
		0A439C8528E0BDE00032A687 /* SettingsSection.swift in Sources */ = {isa = PBXBuildFile; fileRef = 0A439C8428E0BDE00032A687 /* SettingsSection.swift */; };
		0A439CA928E1837A0032A687 /* BackupAndRestoreViewController.swift in Sources */ = {isa = PBXBuildFile; fileRef = 0A439CA828E1837A0032A687 /* BackupAndRestoreViewController.swift */; };
		0A439CAB28E1838E0032A687 /* BackupAndRestoreView.swift in Sources */ = {isa = PBXBuildFile; fileRef = 0A439CAA28E1838E0032A687 /* BackupAndRestoreView.swift */; };
		0A439CAD28E1899F0032A687 /* BackupAndRestoreButton.swift in Sources */ = {isa = PBXBuildFile; fileRef = 0A439CAC28E1899F0032A687 /* BackupAndRestoreButton.swift */; };
		0A439CAF28E18E950032A687 /* BackupFileTableViewCell.swift in Sources */ = {isa = PBXBuildFile; fileRef = 0A439CAE28E18E950032A687 /* BackupFileTableViewCell.swift */; };
		0A439CB128E18FAC0032A687 /* BaseTableViewCell.swift in Sources */ = {isa = PBXBuildFile; fileRef = 0A439CB028E18FAC0032A687 /* BaseTableViewCell.swift */; };
		0A439CB328E19D9F0032A687 /* Shadow+Extension.swift in Sources */ = {isa = PBXBuildFile; fileRef = 0A439CB228E19D9F0032A687 /* Shadow+Extension.swift */; };
		0A439CB528E1A8410032A687 /* UIColor+Extension.swift in Sources */ = {isa = PBXBuildFile; fileRef = 0A439CB428E1A8410032A687 /* UIColor+Extension.swift */; };
		0A439CB828E1DC2C0032A687 /* CodingManager.swift in Sources */ = {isa = PBXBuildFile; fileRef = 0A439CB728E1DC2C0032A687 /* CodingManager.swift */; };
		0A439CBA28E1DC940032A687 /* FileManager+Extension.swift in Sources */ = {isa = PBXBuildFile; fileRef = 0A439CB928E1DC940032A687 /* FileManager+Extension.swift */; };
		0A439CBE28E1EB5C0032A687 /* DateFormatterHelper.swift in Sources */ = {isa = PBXBuildFile; fileRef = 0A439CBD28E1EB5C0032A687 /* DateFormatterHelper.swift */; };
		0A439CC128E1EE460032A687 /* Zip in Frameworks */ = {isa = PBXBuildFile; productRef = 0A439CC028E1EE460032A687 /* Zip */; };
		0A6DB5E728DF51FE004481E4 /* BaMeringue.ttf in Resources */ = {isa = PBXBuildFile; fileRef = 0A6DB5E628DF51FE004481E4 /* BaMeringue.ttf */; };
		0A8AA9A728CE1B1000EB2AF8 /* APIKey.swift in Sources */ = {isa = PBXBuildFile; fileRef = 0A8AA9A628CE1B1000EB2AF8 /* APIKey.swift */; };
		0A8AA9A928CE1C7A00EB2AF8 /* Endpoint.swift in Sources */ = {isa = PBXBuildFile; fileRef = 0A8AA9A828CE1C7A00EB2AF8 /* Endpoint.swift */; };
		0A8AA9AB28CE1E9600EB2AF8 /* TMDBAPIManager.swift in Sources */ = {isa = PBXBuildFile; fileRef = 0A8AA9AA28CE1E9600EB2AF8 /* TMDBAPIManager.swift */; };
		0A8AA9AE28CE1EA400EB2AF8 /* SwiftyJSON in Frameworks */ = {isa = PBXBuildFile; productRef = 0A8AA9AD28CE1EA400EB2AF8 /* SwiftyJSON */; };
		0A8AA9B128CE1EB400EB2AF8 /* Alamofire in Frameworks */ = {isa = PBXBuildFile; productRef = 0A8AA9B028CE1EB400EB2AF8 /* Alamofire */; };
		0A8AA9B428CE1ECA00EB2AF8 /* SnapKit in Frameworks */ = {isa = PBXBuildFile; productRef = 0A8AA9B328CE1ECA00EB2AF8 /* SnapKit */; };
		0A8AA9B728CF239100EB2AF8 /* HomeViewController.swift in Sources */ = {isa = PBXBuildFile; fileRef = 0A8AA9B628CF239100EB2AF8 /* HomeViewController.swift */; };
		0A8AA9BB28CF24A900EB2AF8 /* BaseViewController.swift in Sources */ = {isa = PBXBuildFile; fileRef = 0A8AA9BA28CF24A900EB2AF8 /* BaseViewController.swift */; };
		0A8AA9BD28CF24FE00EB2AF8 /* BaseView.swift in Sources */ = {isa = PBXBuildFile; fileRef = 0A8AA9BC28CF24FE00EB2AF8 /* BaseView.swift */; };
		0A8AA9CC28CF2D3800EB2AF8 /* UIFont+Extension.swift in Sources */ = {isa = PBXBuildFile; fileRef = 0A8AA9CB28CF2D3800EB2AF8 /* UIFont+Extension.swift */; };
		0A8AA9CF28CF5FD200EB2AF8 /* Then in Frameworks */ = {isa = PBXBuildFile; productRef = 0A8AA9CE28CF5FD200EB2AF8 /* Then */; };
		0A8AA9D128CF622900EB2AF8 /* BaseCollectionViewCell.swift in Sources */ = {isa = PBXBuildFile; fileRef = 0A8AA9D028CF622900EB2AF8 /* BaseCollectionViewCell.swift */; };
		0A8AA9D328CF624B00EB2AF8 /* HomeCollectionViewCell.swift in Sources */ = {isa = PBXBuildFile; fileRef = 0A8AA9D228CF624B00EB2AF8 /* HomeCollectionViewCell.swift */; };
		0A8AA9D528CF64A400EB2AF8 /* HomeView.swift in Sources */ = {isa = PBXBuildFile; fileRef = 0A8AA9D428CF64A400EB2AF8 /* HomeView.swift */; };
		0A8AA9D828D0761A00EB2AF8 /* ReusableView.swift in Sources */ = {isa = PBXBuildFile; fileRef = 0A8AA9D728D0761A00EB2AF8 /* ReusableView.swift */; };
		0AB10D2C28D75A55007033E2 /* MediaRepository.swift in Sources */ = {isa = PBXBuildFile; fileRef = 0AB10D2B28D75A55007033E2 /* MediaRepository.swift */; };
		0AB10D3028D75BD8007033E2 /* RealmKey.swift in Sources */ = {isa = PBXBuildFile; fileRef = 0AB10D2F28D75BD8007033E2 /* RealmKey.swift */; };
		0AB10D3228D76A87007033E2 /* Alert+Extension.swift in Sources */ = {isa = PBXBuildFile; fileRef = 0AB10D3128D76A87007033E2 /* Alert+Extension.swift */; };
		0AB10D3528D78A7A007033E2 /* Toast in Frameworks */ = {isa = PBXBuildFile; productRef = 0AB10D3428D78A7A007033E2 /* Toast */; };
		0AB10D3828D9A309007033E2 /* SortingOrder.swift in Sources */ = {isa = PBXBuildFile; fileRef = 0AB10D3728D9A309007033E2 /* SortingOrder.swift */; };
		0AB10D3B28DA3734007033E2 /* MenuTitle.swift in Sources */ = {isa = PBXBuildFile; fileRef = 0AB10D3A28DA3734007033E2 /* MenuTitle.swift */; };
		0AB10D3D28DA39F7007033E2 /* FilterOption.swift in Sources */ = {isa = PBXBuildFile; fileRef = 0AB10D3C28DA39F7007033E2 /* FilterOption.swift */; };
		0AB10D4028DA4069007033E2 /* MediaPassableButton.swift in Sources */ = {isa = PBXBuildFile; fileRef = 0AB10D3F28DA4069007033E2 /* MediaPassableButton.swift */; };
		0AB10D4228DB4371007033E2 /* UIImage+Extension.swift in Sources */ = {isa = PBXBuildFile; fileRef = 0AB10D4128DB4371007033E2 /* UIImage+Extension.swift */; };
		0AB10D4428DBB65F007033E2 /* UserDefaultsHelper.swift in Sources */ = {isa = PBXBuildFile; fileRef = 0AB10D4328DBB65F007033E2 /* UserDefaultsHelper.swift */; };
		0AB10D4628DC260C007033E2 /* SFSymbol.swift in Sources */ = {isa = PBXBuildFile; fileRef = 0AB10D4528DC260C007033E2 /* SFSymbol.swift */; };
		0AF8837128D33CFD008A4B51 /* ParsingManager.swift in Sources */ = {isa = PBXBuildFile; fileRef = 0AF8837028D33CFD008A4B51 /* ParsingManager.swift */; };
		0AF8837328D39DC0008A4B51 /* MediaType.swift in Sources */ = {isa = PBXBuildFile; fileRef = 0AF8837228D39DC0008A4B51 /* MediaType.swift */; };
		0AF8837928D50077008A4B51 /* Kingfisher in Frameworks */ = {isa = PBXBuildFile; productRef = 0AF8837828D50077008A4B51 /* Kingfisher */; };
		0AF8837D28D6EE3D008A4B51 /* Media.swift in Sources */ = {isa = PBXBuildFile; fileRef = 0AF8837C28D6EE3D008A4B51 /* Media.swift */; };
		0AF8838128D6EEB5008A4B51 /* Realm in Frameworks */ = {isa = PBXBuildFile; productRef = 0AF8838028D6EEB5008A4B51 /* Realm */; };
		0AF8838328D6EEB5008A4B51 /* RealmSwift in Frameworks */ = {isa = PBXBuildFile; productRef = 0AF8838228D6EEB5008A4B51 /* RealmSwift */; };
/* End PBXBuildFile section */

/* Begin PBXFileReference section */
		0A22A7FA28D0D6F1002D2C34 /* TabBarController.swift */ = {isa = PBXFileReference; lastKnownFileType = sourcecode.swift; path = TabBarController.swift; sourceTree = "<group>"; };
		0A22A7FD28D0DBED002D2C34 /* SearchViewController.swift */ = {isa = PBXFileReference; lastKnownFileType = sourcecode.swift; path = SearchViewController.swift; sourceTree = "<group>"; };
		0A22A7FF28D0DC0E002D2C34 /* SearchView.swift */ = {isa = PBXFileReference; lastKnownFileType = sourcecode.swift; path = SearchView.swift; sourceTree = "<group>"; };
		0A22A80128D0ED7F002D2C34 /* Transition+Extension.swift */ = {isa = PBXFileReference; lastKnownFileType = sourcecode.swift; path = "Transition+Extension.swift"; sourceTree = "<group>"; };
		0A22A80328D1CC85002D2C34 /* SearchCollectionViewCell.swift */ = {isa = PBXFileReference; lastKnownFileType = sourcecode.swift; path = SearchCollectionViewCell.swift; sourceTree = "<group>"; };
		0A22A81128D1FD74002D2C34 /* Notice.swift */ = {isa = PBXFileReference; lastKnownFileType = sourcecode.swift; path = Notice.swift; sourceTree = "<group>"; };
		0A22A81528D20048002D2C34 /* IM_Hyemin-Bold.otf */ = {isa = PBXFileReference; lastKnownFileType = file; path = "IM_Hyemin-Bold.otf"; sourceTree = "<group>"; };
		0A22A81728D20048002D2C34 /* IM_Hyemin-Regular.otf */ = {isa = PBXFileReference; lastKnownFileType = file; path = "IM_Hyemin-Regular.otf"; sourceTree = "<group>"; };
		0A22A82028D24A7A002D2C34 /* MediaModel.swift */ = {isa = PBXFileReference; lastKnownFileType = sourcecode.swift; path = MediaModel.swift; sourceTree = "<group>"; };
		0A22A82228D2CC07002D2C34 /* UIViewController+Extension.swift */ = {isa = PBXFileReference; lastKnownFileType = sourcecode.swift; path = "UIViewController+Extension.swift"; sourceTree = "<group>"; };
		0A31E08728E2E53C00D0C79B /* Record.swift */ = {isa = PBXFileReference; lastKnownFileType = sourcecode.swift; path = Record.swift; sourceTree = "<group>"; };
		0A31E08B28E3463200D0C79B /* Person.swift */ = {isa = PBXFileReference; lastKnownFileType = sourcecode.swift; path = Person.swift; sourceTree = "<group>"; };
		0A31E09228E4A42100D0C79B /* DetailViewController.swift */ = {isa = PBXFileReference; lastKnownFileType = sourcecode.swift; path = DetailViewController.swift; sourceTree = "<group>"; };
		0A31E09428E4A45100D0C79B /* DetailView.swift */ = {isa = PBXFileReference; lastKnownFileType = sourcecode.swift; path = DetailView.swift; sourceTree = "<group>"; };
		0A31E09628E4A53100D0C79B /* MediaInfoHeaderView.swift */ = {isa = PBXFileReference; lastKnownFileType = sourcecode.swift; path = MediaInfoHeaderView.swift; sourceTree = "<group>"; };
		0A31E09828E4AB2900D0C79B /* CustomLabel.swift */ = {isa = PBXFileReference; lastKnownFileType = sourcecode.swift; path = CustomLabel.swift; sourceTree = "<group>"; };
		0A3F32F228CB4B7500B51DEA /* Cheliz.app */ = {isa = PBXFileReference; explicitFileType = wrapper.application; includeInIndex = 0; path = Cheliz.app; sourceTree = BUILT_PRODUCTS_DIR; };
		0A3F32F528CB4B7500B51DEA /* AppDelegate.swift */ = {isa = PBXFileReference; lastKnownFileType = sourcecode.swift; path = AppDelegate.swift; sourceTree = "<group>"; };
		0A3F32F728CB4B7500B51DEA /* SceneDelegate.swift */ = {isa = PBXFileReference; lastKnownFileType = sourcecode.swift; path = SceneDelegate.swift; sourceTree = "<group>"; };
		0A3F32FC28CB4B7500B51DEA /* Base */ = {isa = PBXFileReference; lastKnownFileType = file.storyboard; name = Base; path = Base.lproj/Main.storyboard; sourceTree = "<group>"; };
		0A3F32FE28CB4B7600B51DEA /* Assets.xcassets */ = {isa = PBXFileReference; lastKnownFileType = folder.assetcatalog; path = Assets.xcassets; sourceTree = "<group>"; };
		0A3F330128CB4B7600B51DEA /* Base */ = {isa = PBXFileReference; lastKnownFileType = file.storyboard; name = Base; path = Base.lproj/LaunchScreen.storyboard; sourceTree = "<group>"; };
		0A3F330328CB4B7600B51DEA /* Info.plist */ = {isa = PBXFileReference; lastKnownFileType = text.plist.xml; path = Info.plist; sourceTree = "<group>"; };
		0A3F330928CB4BC400B51DEA /* .gitignore */ = {isa = PBXFileReference; lastKnownFileType = text; path = .gitignore; sourceTree = "<group>"; };
		0A439C7428E05A400032A687 /* PosterImageView.swift */ = {isa = PBXFileReference; lastKnownFileType = sourcecode.swift; path = PosterImageView.swift; sourceTree = "<group>"; };
		0A439C7928E060E90032A687 /* SettingsViewController.swift */ = {isa = PBXFileReference; lastKnownFileType = sourcecode.swift; path = SettingsViewController.swift; sourceTree = "<group>"; };
		0A439C7D28E0610C0032A687 /* SettingsTableViewCell.swift */ = {isa = PBXFileReference; lastKnownFileType = sourcecode.swift; path = SettingsTableViewCell.swift; sourceTree = "<group>"; };
		0A439C7F28E06CB30032A687 /* SettingsView.swift */ = {isa = PBXFileReference; lastKnownFileType = sourcecode.swift; path = SettingsView.swift; sourceTree = "<group>"; };
		0A439C8128E0BA8F0032A687 /* SettingsTitle.swift */ = {isa = PBXFileReference; lastKnownFileType = sourcecode.swift; path = SettingsTitle.swift; sourceTree = "<group>"; };
		0A439C8428E0BDE00032A687 /* SettingsSection.swift */ = {isa = PBXFileReference; lastKnownFileType = sourcecode.swift; path = SettingsSection.swift; sourceTree = "<group>"; };
		0A439CA828E1837A0032A687 /* BackupAndRestoreViewController.swift */ = {isa = PBXFileReference; lastKnownFileType = sourcecode.swift; path = BackupAndRestoreViewController.swift; sourceTree = "<group>"; };
		0A439CAA28E1838E0032A687 /* BackupAndRestoreView.swift */ = {isa = PBXFileReference; lastKnownFileType = sourcecode.swift; path = BackupAndRestoreView.swift; sourceTree = "<group>"; };
		0A439CAC28E1899F0032A687 /* BackupAndRestoreButton.swift */ = {isa = PBXFileReference; lastKnownFileType = sourcecode.swift; path = BackupAndRestoreButton.swift; sourceTree = "<group>"; };
		0A439CAE28E18E950032A687 /* BackupFileTableViewCell.swift */ = {isa = PBXFileReference; lastKnownFileType = sourcecode.swift; path = BackupFileTableViewCell.swift; sourceTree = "<group>"; };
		0A439CB028E18FAC0032A687 /* BaseTableViewCell.swift */ = {isa = PBXFileReference; lastKnownFileType = sourcecode.swift; path = BaseTableViewCell.swift; sourceTree = "<group>"; };
		0A439CB228E19D9F0032A687 /* Shadow+Extension.swift */ = {isa = PBXFileReference; lastKnownFileType = sourcecode.swift; path = "Shadow+Extension.swift"; sourceTree = "<group>"; };
		0A439CB428E1A8410032A687 /* UIColor+Extension.swift */ = {isa = PBXFileReference; lastKnownFileType = sourcecode.swift; path = "UIColor+Extension.swift"; sourceTree = "<group>"; };
		0A439CB728E1DC2C0032A687 /* CodingManager.swift */ = {isa = PBXFileReference; lastKnownFileType = sourcecode.swift; path = CodingManager.swift; sourceTree = "<group>"; };
		0A439CB928E1DC940032A687 /* FileManager+Extension.swift */ = {isa = PBXFileReference; lastKnownFileType = sourcecode.swift; path = "FileManager+Extension.swift"; sourceTree = "<group>"; };
		0A439CBD28E1EB5C0032A687 /* DateFormatterHelper.swift */ = {isa = PBXFileReference; lastKnownFileType = sourcecode.swift; path = DateFormatterHelper.swift; sourceTree = "<group>"; };
		0A6DB5E628DF51FE004481E4 /* BaMeringue.ttf */ = {isa = PBXFileReference; lastKnownFileType = file; path = BaMeringue.ttf; sourceTree = "<group>"; };
		0A8AA9A628CE1B1000EB2AF8 /* APIKey.swift */ = {isa = PBXFileReference; lastKnownFileType = sourcecode.swift; path = APIKey.swift; sourceTree = "<group>"; };
		0A8AA9A828CE1C7A00EB2AF8 /* Endpoint.swift */ = {isa = PBXFileReference; lastKnownFileType = sourcecode.swift; path = Endpoint.swift; sourceTree = "<group>"; };
		0A8AA9AA28CE1E9600EB2AF8 /* TMDBAPIManager.swift */ = {isa = PBXFileReference; lastKnownFileType = sourcecode.swift; path = TMDBAPIManager.swift; sourceTree = "<group>"; };
		0A8AA9B628CF239100EB2AF8 /* HomeViewController.swift */ = {isa = PBXFileReference; lastKnownFileType = sourcecode.swift; path = HomeViewController.swift; sourceTree = "<group>"; };
		0A8AA9BA28CF24A900EB2AF8 /* BaseViewController.swift */ = {isa = PBXFileReference; lastKnownFileType = sourcecode.swift; path = BaseViewController.swift; sourceTree = "<group>"; };
		0A8AA9BC28CF24FE00EB2AF8 /* BaseView.swift */ = {isa = PBXFileReference; lastKnownFileType = sourcecode.swift; path = BaseView.swift; sourceTree = "<group>"; };
		0A8AA9CB28CF2D3800EB2AF8 /* UIFont+Extension.swift */ = {isa = PBXFileReference; lastKnownFileType = sourcecode.swift; path = "UIFont+Extension.swift"; sourceTree = "<group>"; };
		0A8AA9D028CF622900EB2AF8 /* BaseCollectionViewCell.swift */ = {isa = PBXFileReference; lastKnownFileType = sourcecode.swift; path = BaseCollectionViewCell.swift; sourceTree = "<group>"; };
		0A8AA9D228CF624B00EB2AF8 /* HomeCollectionViewCell.swift */ = {isa = PBXFileReference; lastKnownFileType = sourcecode.swift; path = HomeCollectionViewCell.swift; sourceTree = "<group>"; };
		0A8AA9D428CF64A400EB2AF8 /* HomeView.swift */ = {isa = PBXFileReference; lastKnownFileType = sourcecode.swift; path = HomeView.swift; sourceTree = "<group>"; };
		0A8AA9D728D0761A00EB2AF8 /* ReusableView.swift */ = {isa = PBXFileReference; lastKnownFileType = sourcecode.swift; path = ReusableView.swift; sourceTree = "<group>"; };
		0AB10D2B28D75A55007033E2 /* MediaRepository.swift */ = {isa = PBXFileReference; lastKnownFileType = sourcecode.swift; path = MediaRepository.swift; sourceTree = "<group>"; };
		0AB10D2F28D75BD8007033E2 /* RealmKey.swift */ = {isa = PBXFileReference; lastKnownFileType = sourcecode.swift; path = RealmKey.swift; sourceTree = "<group>"; };
		0AB10D3128D76A87007033E2 /* Alert+Extension.swift */ = {isa = PBXFileReference; lastKnownFileType = sourcecode.swift; path = "Alert+Extension.swift"; sourceTree = "<group>"; };
		0AB10D3728D9A309007033E2 /* SortingOrder.swift */ = {isa = PBXFileReference; lastKnownFileType = sourcecode.swift; path = SortingOrder.swift; sourceTree = "<group>"; };
		0AB10D3A28DA3734007033E2 /* MenuTitle.swift */ = {isa = PBXFileReference; lastKnownFileType = sourcecode.swift; path = MenuTitle.swift; sourceTree = "<group>"; };
		0AB10D3C28DA39F7007033E2 /* FilterOption.swift */ = {isa = PBXFileReference; lastKnownFileType = sourcecode.swift; path = FilterOption.swift; sourceTree = "<group>"; };
		0AB10D3F28DA4069007033E2 /* MediaPassableButton.swift */ = {isa = PBXFileReference; lastKnownFileType = sourcecode.swift; path = MediaPassableButton.swift; sourceTree = "<group>"; };
		0AB10D4128DB4371007033E2 /* UIImage+Extension.swift */ = {isa = PBXFileReference; lastKnownFileType = sourcecode.swift; path = "UIImage+Extension.swift"; sourceTree = "<group>"; };
		0AB10D4328DBB65F007033E2 /* UserDefaultsHelper.swift */ = {isa = PBXFileReference; lastKnownFileType = sourcecode.swift; path = UserDefaultsHelper.swift; sourceTree = "<group>"; };
		0AB10D4528DC260C007033E2 /* SFSymbol.swift */ = {isa = PBXFileReference; lastKnownFileType = sourcecode.swift; path = SFSymbol.swift; sourceTree = "<group>"; };
		0AF8837028D33CFD008A4B51 /* ParsingManager.swift */ = {isa = PBXFileReference; lastKnownFileType = sourcecode.swift; path = ParsingManager.swift; sourceTree = "<group>"; };
		0AF8837228D39DC0008A4B51 /* MediaType.swift */ = {isa = PBXFileReference; lastKnownFileType = sourcecode.swift; path = MediaType.swift; sourceTree = "<group>"; };
		0AF8837C28D6EE3D008A4B51 /* Media.swift */ = {isa = PBXFileReference; lastKnownFileType = sourcecode.swift; path = Media.swift; sourceTree = "<group>"; };
/* End PBXFileReference section */

/* Begin PBXFrameworksBuildPhase section */
		0A3F32EF28CB4B7500B51DEA /* Frameworks */ = {
			isa = PBXFrameworksBuildPhase;
			buildActionMask = 2147483647;
			files = (
				0A439CC128E1EE460032A687 /* Zip in Frameworks */,
				0AB10D3528D78A7A007033E2 /* Toast in Frameworks */,
				0AF8838128D6EEB5008A4B51 /* Realm in Frameworks */,
				0A8AA9B428CE1ECA00EB2AF8 /* SnapKit in Frameworks */,
				0AF8838328D6EEB5008A4B51 /* RealmSwift in Frameworks */,
				0A8AA9AE28CE1EA400EB2AF8 /* SwiftyJSON in Frameworks */,
				0A8AA9B128CE1EB400EB2AF8 /* Alamofire in Frameworks */,
				0A8AA9CF28CF5FD200EB2AF8 /* Then in Frameworks */,
				0AF8837928D50077008A4B51 /* Kingfisher in Frameworks */,
			);
			runOnlyForDeploymentPostprocessing = 0;
		};
/* End PBXFrameworksBuildPhase section */

/* Begin PBXGroup section */
		0A22A7FC28D0DBDB002D2C34 /* Search */ = {
			isa = PBXGroup;
			children = (
				0A22A7FF28D0DC0E002D2C34 /* SearchView.swift */,
				0A22A7FD28D0DBED002D2C34 /* SearchViewController.swift */,
				0A22A80328D1CC85002D2C34 /* SearchCollectionViewCell.swift */,
			);
			path = Search;
			sourceTree = "<group>";
		};
		0A22A81028D1FD6A002D2C34 /* Constants */ = {
			isa = PBXGroup;
			children = (
				0A22A81128D1FD74002D2C34 /* Notice.swift */,
				0AB10D2F28D75BD8007033E2 /* RealmKey.swift */,
				0AB10D3A28DA3734007033E2 /* MenuTitle.swift */,
				0AB10D4528DC260C007033E2 /* SFSymbol.swift */,
				0A439C8128E0BA8F0032A687 /* SettingsTitle.swift */,
			);
			path = Constants;
			sourceTree = "<group>";
		};
		0A22A81328D2002F002D2C34 /* Resources */ = {
			isa = PBXGroup;
			children = (
				0A22A81528D20048002D2C34 /* IM_Hyemin-Bold.otf */,
				0A22A81728D20048002D2C34 /* IM_Hyemin-Regular.otf */,
				0A6DB5E628DF51FE004481E4 /* BaMeringue.ttf */,
			);
			path = Resources;
			sourceTree = "<group>";
		};
		0A22A81E28D245BA002D2C34 /* Data */ = {
			isa = PBXGroup;
			children = (
				0A22A82028D24A7A002D2C34 /* MediaModel.swift */,
				0AF8837228D39DC0008A4B51 /* MediaType.swift */,
				0AF8837C28D6EE3D008A4B51 /* Media.swift */,
				0AB10D2B28D75A55007033E2 /* MediaRepository.swift */,
				0A31E08728E2E53C00D0C79B /* Record.swift */,
				0A31E08B28E3463200D0C79B /* Person.swift */,
			);
			path = Data;
			sourceTree = "<group>";
		};
		0A31E09128E4A3B600D0C79B /* Details */ = {
			isa = PBXGroup;
			children = (
				0A31E09228E4A42100D0C79B /* DetailViewController.swift */,
				0A31E09428E4A45100D0C79B /* DetailView.swift */,
				0A31E09628E4A53100D0C79B /* MediaInfoHeaderView.swift */,
			);
			path = Details;
			sourceTree = "<group>";
		};
		0A3F32E928CB4B7500B51DEA = {
			isa = PBXGroup;
			children = (
				0A3F330928CB4BC400B51DEA /* .gitignore */,
				0A3F32F428CB4B7500B51DEA /* Cheliz */,
				0A3F32F328CB4B7500B51DEA /* Products */,
			);
			sourceTree = "<group>";
		};
		0A3F32F328CB4B7500B51DEA /* Products */ = {
			isa = PBXGroup;
			children = (
				0A3F32F228CB4B7500B51DEA /* Cheliz.app */,
			);
			name = Products;
			sourceTree = "<group>";
		};
		0A3F32F428CB4B7500B51DEA /* Cheliz */ = {
			isa = PBXGroup;
			children = (
				0A22A81E28D245BA002D2C34 /* Data */,
				0A8AA9B828CF249800EB2AF8 /* Utilities */,
				0A8AA9A328CE1B0700EB2AF8 /* Networking */,
				0A8AA9B528CF236A00EB2AF8 /* Scenes */,
				0A22A81328D2002F002D2C34 /* Resources */,
				0A3F32F528CB4B7500B51DEA /* AppDelegate.swift */,
				0A3F32F728CB4B7500B51DEA /* SceneDelegate.swift */,
				0A3F32FB28CB4B7500B51DEA /* Main.storyboard */,
				0A3F32FE28CB4B7600B51DEA /* Assets.xcassets */,
				0A3F330028CB4B7600B51DEA /* LaunchScreen.storyboard */,
				0A3F330328CB4B7600B51DEA /* Info.plist */,
			);
			path = Cheliz;
			sourceTree = "<group>";
		};
		0A439C7828E060CF0032A687 /* Settings */ = {
			isa = PBXGroup;
			children = (
				0A439C7928E060E90032A687 /* SettingsViewController.swift */,
				0A439C7D28E0610C0032A687 /* SettingsTableViewCell.swift */,
				0A439C7F28E06CB30032A687 /* SettingsView.swift */,
				0A439CA728E183410032A687 /* BackupAndRestore */,
			);
			path = Settings;
			sourceTree = "<group>";
		};
		0A439C8628E0C1BC0032A687 /* TabBar */ = {
			isa = PBXGroup;
			children = (
				0A22A7FA28D0D6F1002D2C34 /* TabBarController.swift */,
			);
			path = TabBar;
			sourceTree = "<group>";
		};
		0A439CA728E183410032A687 /* BackupAndRestore */ = {
			isa = PBXGroup;
			children = (
				0A439CA828E1837A0032A687 /* BackupAndRestoreViewController.swift */,
				0A439CAA28E1838E0032A687 /* BackupAndRestoreView.swift */,
				0A439CAE28E18E950032A687 /* BackupFileTableViewCell.swift */,
			);
			path = BackupAndRestore;
			sourceTree = "<group>";
		};
		0A8AA9A328CE1B0700EB2AF8 /* Networking */ = {
			isa = PBXGroup;
			children = (
				0A8AA9A628CE1B1000EB2AF8 /* APIKey.swift */,
				0A8AA9A828CE1C7A00EB2AF8 /* Endpoint.swift */,
				0A8AA9AA28CE1E9600EB2AF8 /* TMDBAPIManager.swift */,
			);
			path = Networking;
			sourceTree = "<group>";
		};
		0A8AA9B528CF236A00EB2AF8 /* Scenes */ = {
			isa = PBXGroup;
			children = (
				0A439C8628E0C1BC0032A687 /* TabBar */,
				0A22A7FC28D0DBDB002D2C34 /* Search */,
				0A8AA9C028CF25A800EB2AF8 /* Home */,
				0A439C7828E060CF0032A687 /* Settings */,
			);
			path = Scenes;
			sourceTree = "<group>";
		};
		0A8AA9B828CF249800EB2AF8 /* Utilities */ = {
			isa = PBXGroup;
			children = (
				0AB10D3E28DA3E64007033E2 /* Custom */,
				0AF8836D28D33AAF008A4B51 /* Helpers */,
				0A22A81028D1FD6A002D2C34 /* Constants */,
				0A8AA9D628D0761100EB2AF8 /* Protocols */,
				0A8AA9CA28CF2D1300EB2AF8 /* Extensions */,
				0A8AA9B928CF249F00EB2AF8 /* Base */,
			);
			path = Utilities;
			sourceTree = "<group>";
		};
		0A8AA9B928CF249F00EB2AF8 /* Base */ = {
			isa = PBXGroup;
			children = (
				0A8AA9BA28CF24A900EB2AF8 /* BaseViewController.swift */,
				0A8AA9BC28CF24FE00EB2AF8 /* BaseView.swift */,
				0A8AA9D028CF622900EB2AF8 /* BaseCollectionViewCell.swift */,
				0A439CB028E18FAC0032A687 /* BaseTableViewCell.swift */,
			);
			path = Base;
			sourceTree = "<group>";
		};
		0A8AA9C028CF25A800EB2AF8 /* Home */ = {
			isa = PBXGroup;
			children = (
				0A8AA9B628CF239100EB2AF8 /* HomeViewController.swift */,
				0A8AA9D228CF624B00EB2AF8 /* HomeCollectionViewCell.swift */,
				0A8AA9D428CF64A400EB2AF8 /* HomeView.swift */,
				0A31E09128E4A3B600D0C79B /* Details */,
			);
			path = Home;
			sourceTree = "<group>";
		};
		0A8AA9CA28CF2D1300EB2AF8 /* Extensions */ = {
			isa = PBXGroup;
			children = (
				0A8AA9CB28CF2D3800EB2AF8 /* UIFont+Extension.swift */,
				0A22A80128D0ED7F002D2C34 /* Transition+Extension.swift */,
				0A22A82228D2CC07002D2C34 /* UIViewController+Extension.swift */,
				0AB10D3128D76A87007033E2 /* Alert+Extension.swift */,
				0AB10D4128DB4371007033E2 /* UIImage+Extension.swift */,
				0A439CB228E19D9F0032A687 /* Shadow+Extension.swift */,
				0A439CB428E1A8410032A687 /* UIColor+Extension.swift */,
				0A439CB928E1DC940032A687 /* FileManager+Extension.swift */,
			);
			path = Extensions;
			sourceTree = "<group>";
		};
		0A8AA9D628D0761100EB2AF8 /* Protocols */ = {
			isa = PBXGroup;
			children = (
				0A8AA9D728D0761A00EB2AF8 /* ReusableView.swift */,
			);
			path = Protocols;
			sourceTree = "<group>";
		};
		0AB10D3E28DA3E64007033E2 /* Custom */ = {
			isa = PBXGroup;
			children = (
				0AB10D3F28DA4069007033E2 /* MediaPassableButton.swift */,
				0A439C7428E05A400032A687 /* PosterImageView.swift */,
				0A439CAC28E1899F0032A687 /* BackupAndRestoreButton.swift */,
				0A31E09828E4AB2900D0C79B /* CustomLabel.swift */,
			);
			path = Custom;
			sourceTree = "<group>";
		};
		0AF8836D28D33AAF008A4B51 /* Helpers */ = {
			isa = PBXGroup;
			children = (
				0AF8837028D33CFD008A4B51 /* ParsingManager.swift */,
				0AB10D3728D9A309007033E2 /* SortingOrder.swift */,
				0AB10D3C28DA39F7007033E2 /* FilterOption.swift */,
				0AB10D4328DBB65F007033E2 /* UserDefaultsHelper.swift */,
				0A439C8428E0BDE00032A687 /* SettingsSection.swift */,
				0A439CB728E1DC2C0032A687 /* CodingManager.swift */,
				0A439CBD28E1EB5C0032A687 /* DateFormatterHelper.swift */,
			);
			path = Helpers;
			sourceTree = "<group>";
		};
/* End PBXGroup section */

/* Begin PBXNativeTarget section */
		0A3F32F128CB4B7500B51DEA /* Cheliz */ = {
			isa = PBXNativeTarget;
			buildConfigurationList = 0A3F330628CB4B7600B51DEA /* Build configuration list for PBXNativeTarget "Cheliz" */;
			buildPhases = (
				0A3F32EE28CB4B7500B51DEA /* Sources */,
				0A3F32EF28CB4B7500B51DEA /* Frameworks */,
				0A3F32F028CB4B7500B51DEA /* Resources */,
			);
			buildRules = (
			);
			dependencies = (
			);
			name = Cheliz;
			packageProductDependencies = (
				0A8AA9AD28CE1EA400EB2AF8 /* SwiftyJSON */,
				0A8AA9B028CE1EB400EB2AF8 /* Alamofire */,
				0A8AA9B328CE1ECA00EB2AF8 /* SnapKit */,
				0A8AA9CE28CF5FD200EB2AF8 /* Then */,
				0AF8837828D50077008A4B51 /* Kingfisher */,
				0AF8838028D6EEB5008A4B51 /* Realm */,
				0AF8838228D6EEB5008A4B51 /* RealmSwift */,
				0AB10D3428D78A7A007033E2 /* Toast */,
				0A439CC028E1EE460032A687 /* Zip */,
			);
			productName = Cheliz;
			productReference = 0A3F32F228CB4B7500B51DEA /* Cheliz.app */;
			productType = "com.apple.product-type.application";
		};
/* End PBXNativeTarget section */

/* Begin PBXProject section */
		0A3F32EA28CB4B7500B51DEA /* Project object */ = {
			isa = PBXProject;
			attributes = {
				BuildIndependentTargetsInParallel = 1;
				LastSwiftUpdateCheck = 1340;
				LastUpgradeCheck = 1340;
				TargetAttributes = {
					0A3F32F128CB4B7500B51DEA = {
						CreatedOnToolsVersion = 13.4.1;
					};
				};
			};
			buildConfigurationList = 0A3F32ED28CB4B7500B51DEA /* Build configuration list for PBXProject "Cheliz" */;
			compatibilityVersion = "Xcode 13.0";
			developmentRegion = en;
			hasScannedForEncodings = 0;
			knownRegions = (
				en,
				Base,
			);
			mainGroup = 0A3F32E928CB4B7500B51DEA;
			packageReferences = (
				0A8AA9AC28CE1EA400EB2AF8 /* XCRemoteSwiftPackageReference "SwiftyJSON" */,
				0A8AA9AF28CE1EB400EB2AF8 /* XCRemoteSwiftPackageReference "Alamofire" */,
				0A8AA9B228CE1ECA00EB2AF8 /* XCRemoteSwiftPackageReference "SnapKit" */,
				0A8AA9CD28CF5FD200EB2AF8 /* XCRemoteSwiftPackageReference "Then" */,
				0AF8837728D50077008A4B51 /* XCRemoteSwiftPackageReference "Kingfisher" */,
				0AF8837F28D6EEB5008A4B51 /* XCRemoteSwiftPackageReference "realm-swift" */,
				0AB10D3328D78A79007033E2 /* XCRemoteSwiftPackageReference "Toast-Swift" */,
				0A439CBF28E1EE460032A687 /* XCRemoteSwiftPackageReference "Zip" */,
			);
			productRefGroup = 0A3F32F328CB4B7500B51DEA /* Products */;
			projectDirPath = "";
			projectRoot = "";
			targets = (
				0A3F32F128CB4B7500B51DEA /* Cheliz */,
			);
		};
/* End PBXProject section */

/* Begin PBXResourcesBuildPhase section */
		0A3F32F028CB4B7500B51DEA /* Resources */ = {
			isa = PBXResourcesBuildPhase;
			buildActionMask = 2147483647;
			files = (
				0A3F330A28CB4BC400B51DEA /* .gitignore in Resources */,
				0A3F330228CB4B7600B51DEA /* LaunchScreen.storyboard in Resources */,
				0A22A81C28D20048002D2C34 /* IM_Hyemin-Regular.otf in Resources */,
				0A3F32FF28CB4B7600B51DEA /* Assets.xcassets in Resources */,
				0A22A81A28D20048002D2C34 /* IM_Hyemin-Bold.otf in Resources */,
				0A3F32FD28CB4B7500B51DEA /* Main.storyboard in Resources */,
				0A6DB5E728DF51FE004481E4 /* BaMeringue.ttf in Resources */,
			);
			runOnlyForDeploymentPostprocessing = 0;
		};
/* End PBXResourcesBuildPhase section */

/* Begin PBXSourcesBuildPhase section */
		0A3F32EE28CB4B7500B51DEA /* Sources */ = {
			isa = PBXSourcesBuildPhase;
			buildActionMask = 2147483647;
			files = (
				0AB10D2C28D75A55007033E2 /* MediaRepository.swift in Sources */,
				0A22A7FE28D0DBED002D2C34 /* SearchViewController.swift in Sources */,
				0A439C8228E0BA8F0032A687 /* SettingsTitle.swift in Sources */,
				0A8AA9AB28CE1E9600EB2AF8 /* TMDBAPIManager.swift in Sources */,
				0A3F32F628CB4B7500B51DEA /* AppDelegate.swift in Sources */,
				0A8AA9D528CF64A400EB2AF8 /* HomeView.swift in Sources */,
				0A439CAD28E1899F0032A687 /* BackupAndRestoreButton.swift in Sources */,
				0AB10D4628DC260C007033E2 /* SFSymbol.swift in Sources */,
				0A8AA9A728CE1B1000EB2AF8 /* APIKey.swift in Sources */,
				0AB10D3D28DA39F7007033E2 /* FilterOption.swift in Sources */,
				0A31E08C28E3463200D0C79B /* Person.swift in Sources */,
				0A439C7E28E0610C0032A687 /* SettingsTableViewCell.swift in Sources */,
				0A3F32F828CB4B7500B51DEA /* SceneDelegate.swift in Sources */,
				0AB10D3828D9A309007033E2 /* SortingOrder.swift in Sources */,
				0A439CB828E1DC2C0032A687 /* CodingManager.swift in Sources */,
				0A439CB128E18FAC0032A687 /* BaseTableViewCell.swift in Sources */,
				0A439CAF28E18E950032A687 /* BackupFileTableViewCell.swift in Sources */,
				0A439CBE28E1EB5C0032A687 /* DateFormatterHelper.swift in Sources */,
				0A439CB328E19D9F0032A687 /* Shadow+Extension.swift in Sources */,
				0A31E09528E4A45100D0C79B /* DetailView.swift in Sources */,
				0AB10D4028DA4069007033E2 /* MediaPassableButton.swift in Sources */,
				0A31E09328E4A42100D0C79B /* DetailViewController.swift in Sources */,
				0AF8837328D39DC0008A4B51 /* MediaType.swift in Sources */,
				0A8AA9CC28CF2D3800EB2AF8 /* UIFont+Extension.swift in Sources */,
				0A8AA9D328CF624B00EB2AF8 /* HomeCollectionViewCell.swift in Sources */,
				0A22A80428D1CC85002D2C34 /* SearchCollectionViewCell.swift in Sources */,
				0A8AA9BB28CF24A900EB2AF8 /* BaseViewController.swift in Sources */,
				0A22A82128D24A7A002D2C34 /* MediaModel.swift in Sources */,
				0AB10D3028D75BD8007033E2 /* RealmKey.swift in Sources */,
				0A8AA9BD28CF24FE00EB2AF8 /* BaseView.swift in Sources */,
				0A439C7528E05A400032A687 /* PosterImageView.swift in Sources */,
				0A31E09928E4AB2900D0C79B /* CustomLabel.swift in Sources */,
				0AB10D4428DBB65F007033E2 /* UserDefaultsHelper.swift in Sources */,
				0AF8837128D33CFD008A4B51 /* ParsingManager.swift in Sources */,
				0AB10D3228D76A87007033E2 /* Alert+Extension.swift in Sources */,
				0AF8837D28D6EE3D008A4B51 /* Media.swift in Sources */,
				0A8AA9D828D0761A00EB2AF8 /* ReusableView.swift in Sources */,
				0A8AA9B728CF239100EB2AF8 /* HomeViewController.swift in Sources */,
				0A439CBA28E1DC940032A687 /* FileManager+Extension.swift in Sources */,
				0A22A80028D0DC0E002D2C34 /* SearchView.swift in Sources */,
				0A22A7FB28D0D6F1002D2C34 /* TabBarController.swift in Sources */,
				0A439CB528E1A8410032A687 /* UIColor+Extension.swift in Sources */,
				0A22A80228D0ED80002D2C34 /* Transition+Extension.swift in Sources */,
				0A31E09728E4A53100D0C79B /* MediaInfoHeaderView.swift in Sources */,
				0A439CA928E1837A0032A687 /* BackupAndRestoreViewController.swift in Sources */,
				0A8AA9D128CF622900EB2AF8 /* BaseCollectionViewCell.swift in Sources */,
				0AB10D4228DB4371007033E2 /* UIImage+Extension.swift in Sources */,
				0A22A82328D2CC07002D2C34 /* UIViewController+Extension.swift in Sources */,
				0A22A81228D1FD74002D2C34 /* Notice.swift in Sources */,
				0AB10D3B28DA3734007033E2 /* MenuTitle.swift in Sources */,
				0A439CAB28E1838E0032A687 /* BackupAndRestoreView.swift in Sources */,
				0A8AA9A928CE1C7A00EB2AF8 /* Endpoint.swift in Sources */,
				0A31E08828E2E53C00D0C79B /* Record.swift in Sources */,
				0A439C7A28E060E90032A687 /* SettingsViewController.swift in Sources */,
				0A439C8528E0BDE00032A687 /* SettingsSection.swift in Sources */,
				0A439C8028E06CB30032A687 /* SettingsView.swift in Sources */,
			);
			runOnlyForDeploymentPostprocessing = 0;
		};
/* End PBXSourcesBuildPhase section */

/* Begin PBXVariantGroup section */
		0A3F32FB28CB4B7500B51DEA /* Main.storyboard */ = {
			isa = PBXVariantGroup;
			children = (
				0A3F32FC28CB4B7500B51DEA /* Base */,
			);
			name = Main.storyboard;
			sourceTree = "<group>";
		};
		0A3F330028CB4B7600B51DEA /* LaunchScreen.storyboard */ = {
			isa = PBXVariantGroup;
			children = (
				0A3F330128CB4B7600B51DEA /* Base */,
			);
			name = LaunchScreen.storyboard;
			sourceTree = "<group>";
		};
/* End PBXVariantGroup section */

/* Begin XCBuildConfiguration section */
		0A3F330428CB4B7600B51DEA /* Debug */ = {
			isa = XCBuildConfiguration;
			buildSettings = {
				ALWAYS_SEARCH_USER_PATHS = NO;
				CLANG_ANALYZER_NONNULL = YES;
				CLANG_ANALYZER_NUMBER_OBJECT_CONVERSION = YES_AGGRESSIVE;
				CLANG_CXX_LANGUAGE_STANDARD = "gnu++17";
				CLANG_ENABLE_MODULES = YES;
				CLANG_ENABLE_OBJC_ARC = YES;
				CLANG_ENABLE_OBJC_WEAK = YES;
				CLANG_WARN_BLOCK_CAPTURE_AUTORELEASING = YES;
				CLANG_WARN_BOOL_CONVERSION = YES;
				CLANG_WARN_COMMA = YES;
				CLANG_WARN_CONSTANT_CONVERSION = YES;
				CLANG_WARN_DEPRECATED_OBJC_IMPLEMENTATIONS = YES;
				CLANG_WARN_DIRECT_OBJC_ISA_USAGE = YES_ERROR;
				CLANG_WARN_DOCUMENTATION_COMMENTS = YES;
				CLANG_WARN_EMPTY_BODY = YES;
				CLANG_WARN_ENUM_CONVERSION = YES;
				CLANG_WARN_INFINITE_RECURSION = YES;
				CLANG_WARN_INT_CONVERSION = YES;
				CLANG_WARN_NON_LITERAL_NULL_CONVERSION = YES;
				CLANG_WARN_OBJC_IMPLICIT_RETAIN_SELF = YES;
				CLANG_WARN_OBJC_LITERAL_CONVERSION = YES;
				CLANG_WARN_OBJC_ROOT_CLASS = YES_ERROR;
				CLANG_WARN_QUOTED_INCLUDE_IN_FRAMEWORK_HEADER = YES;
				CLANG_WARN_RANGE_LOOP_ANALYSIS = YES;
				CLANG_WARN_STRICT_PROTOTYPES = YES;
				CLANG_WARN_SUSPICIOUS_MOVE = YES;
				CLANG_WARN_UNGUARDED_AVAILABILITY = YES_AGGRESSIVE;
				CLANG_WARN_UNREACHABLE_CODE = YES;
				CLANG_WARN__DUPLICATE_METHOD_MATCH = YES;
				COPY_PHASE_STRIP = NO;
				DEBUG_INFORMATION_FORMAT = dwarf;
				ENABLE_STRICT_OBJC_MSGSEND = YES;
				ENABLE_TESTABILITY = YES;
				GCC_C_LANGUAGE_STANDARD = gnu11;
				GCC_DYNAMIC_NO_PIC = NO;
				GCC_NO_COMMON_BLOCKS = YES;
				GCC_OPTIMIZATION_LEVEL = 0;
				GCC_PREPROCESSOR_DEFINITIONS = (
					"DEBUG=1",
					"$(inherited)",
				);
				GCC_WARN_64_TO_32_BIT_CONVERSION = YES;
				GCC_WARN_ABOUT_RETURN_TYPE = YES_ERROR;
				GCC_WARN_UNDECLARED_SELECTOR = YES;
				GCC_WARN_UNINITIALIZED_AUTOS = YES_AGGRESSIVE;
				GCC_WARN_UNUSED_FUNCTION = YES;
				GCC_WARN_UNUSED_VARIABLE = YES;
				IPHONEOS_DEPLOYMENT_TARGET = 15.5;
				MTL_ENABLE_DEBUG_INFO = INCLUDE_SOURCE;
				MTL_FAST_MATH = YES;
				ONLY_ACTIVE_ARCH = YES;
				SDKROOT = iphoneos;
				SWIFT_ACTIVE_COMPILATION_CONDITIONS = DEBUG;
				SWIFT_OPTIMIZATION_LEVEL = "-Onone";
			};
			name = Debug;
		};
		0A3F330528CB4B7600B51DEA /* Release */ = {
			isa = XCBuildConfiguration;
			buildSettings = {
				ALWAYS_SEARCH_USER_PATHS = NO;
				CLANG_ANALYZER_NONNULL = YES;
				CLANG_ANALYZER_NUMBER_OBJECT_CONVERSION = YES_AGGRESSIVE;
				CLANG_CXX_LANGUAGE_STANDARD = "gnu++17";
				CLANG_ENABLE_MODULES = YES;
				CLANG_ENABLE_OBJC_ARC = YES;
				CLANG_ENABLE_OBJC_WEAK = YES;
				CLANG_WARN_BLOCK_CAPTURE_AUTORELEASING = YES;
				CLANG_WARN_BOOL_CONVERSION = YES;
				CLANG_WARN_COMMA = YES;
				CLANG_WARN_CONSTANT_CONVERSION = YES;
				CLANG_WARN_DEPRECATED_OBJC_IMPLEMENTATIONS = YES;
				CLANG_WARN_DIRECT_OBJC_ISA_USAGE = YES_ERROR;
				CLANG_WARN_DOCUMENTATION_COMMENTS = YES;
				CLANG_WARN_EMPTY_BODY = YES;
				CLANG_WARN_ENUM_CONVERSION = YES;
				CLANG_WARN_INFINITE_RECURSION = YES;
				CLANG_WARN_INT_CONVERSION = YES;
				CLANG_WARN_NON_LITERAL_NULL_CONVERSION = YES;
				CLANG_WARN_OBJC_IMPLICIT_RETAIN_SELF = YES;
				CLANG_WARN_OBJC_LITERAL_CONVERSION = YES;
				CLANG_WARN_OBJC_ROOT_CLASS = YES_ERROR;
				CLANG_WARN_QUOTED_INCLUDE_IN_FRAMEWORK_HEADER = YES;
				CLANG_WARN_RANGE_LOOP_ANALYSIS = YES;
				CLANG_WARN_STRICT_PROTOTYPES = YES;
				CLANG_WARN_SUSPICIOUS_MOVE = YES;
				CLANG_WARN_UNGUARDED_AVAILABILITY = YES_AGGRESSIVE;
				CLANG_WARN_UNREACHABLE_CODE = YES;
				CLANG_WARN__DUPLICATE_METHOD_MATCH = YES;
				COPY_PHASE_STRIP = NO;
				DEBUG_INFORMATION_FORMAT = "dwarf-with-dsym";
				ENABLE_NS_ASSERTIONS = NO;
				ENABLE_STRICT_OBJC_MSGSEND = YES;
				GCC_C_LANGUAGE_STANDARD = gnu11;
				GCC_NO_COMMON_BLOCKS = YES;
				GCC_WARN_64_TO_32_BIT_CONVERSION = YES;
				GCC_WARN_ABOUT_RETURN_TYPE = YES_ERROR;
				GCC_WARN_UNDECLARED_SELECTOR = YES;
				GCC_WARN_UNINITIALIZED_AUTOS = YES_AGGRESSIVE;
				GCC_WARN_UNUSED_FUNCTION = YES;
				GCC_WARN_UNUSED_VARIABLE = YES;
				IPHONEOS_DEPLOYMENT_TARGET = 15.5;
				MTL_ENABLE_DEBUG_INFO = NO;
				MTL_FAST_MATH = YES;
				SDKROOT = iphoneos;
				SWIFT_COMPILATION_MODE = wholemodule;
				SWIFT_OPTIMIZATION_LEVEL = "-O";
				VALIDATE_PRODUCT = YES;
			};
			name = Release;
		};
		0A3F330728CB4B7600B51DEA /* Debug */ = {
			isa = XCBuildConfiguration;
			buildSettings = {
				ASSETCATALOG_COMPILER_APPICON_NAME = AppIcon;
				ASSETCATALOG_COMPILER_GLOBAL_ACCENT_COLOR_NAME = AccentColor;
				CODE_SIGN_STYLE = Automatic;
				CURRENT_PROJECT_VERSION = 2;
				DEVELOPMENT_TEAM = D92DSFPJZF;
				GENERATE_INFOPLIST_FILE = YES;
				INFOPLIST_FILE = Cheliz/Info.plist;
				INFOPLIST_KEY_CFBundleDisplayName = "체리즈";
				INFOPLIST_KEY_UIApplicationSupportsIndirectInputEvents = YES;
				INFOPLIST_KEY_UILaunchStoryboardName = LaunchScreen;
				INFOPLIST_KEY_UIMainStoryboardFile = Main;
				INFOPLIST_KEY_UISupportedInterfaceOrientations = UIInterfaceOrientationPortrait;
				INFOPLIST_KEY_UISupportedInterfaceOrientations_iPad = "UIInterfaceOrientationPortrait UIInterfaceOrientationPortraitUpsideDown";
				INFOPLIST_KEY_UISupportedInterfaceOrientations_iPhone = UIInterfaceOrientationPortrait;
				IPHONEOS_DEPLOYMENT_TARGET = 15.0;
				LD_RUNPATH_SEARCH_PATHS = (
					"$(inherited)",
					"@executable_path/Frameworks",
				);
				MARKETING_VERSION = 1.0;
				PRODUCT_BUNDLE_IDENTIFIER = com.sani.cheliz;
				PRODUCT_NAME = "$(TARGET_NAME)";
				SWIFT_EMIT_LOC_STRINGS = YES;
				SWIFT_VERSION = 5.0;
				TARGETED_DEVICE_FAMILY = 1;
			};
			name = Debug;
		};
		0A3F330828CB4B7600B51DEA /* Release */ = {
			isa = XCBuildConfiguration;
			buildSettings = {
				ASSETCATALOG_COMPILER_APPICON_NAME = AppIcon;
				ASSETCATALOG_COMPILER_GLOBAL_ACCENT_COLOR_NAME = AccentColor;
				CODE_SIGN_STYLE = Automatic;
				CURRENT_PROJECT_VERSION = 2;
				DEVELOPMENT_TEAM = D92DSFPJZF;
				GENERATE_INFOPLIST_FILE = YES;
				INFOPLIST_FILE = Cheliz/Info.plist;
				INFOPLIST_KEY_CFBundleDisplayName = "체리즈";
				INFOPLIST_KEY_UIApplicationSupportsIndirectInputEvents = YES;
				INFOPLIST_KEY_UILaunchStoryboardName = LaunchScreen;
				INFOPLIST_KEY_UIMainStoryboardFile = Main;
				INFOPLIST_KEY_UISupportedInterfaceOrientations = UIInterfaceOrientationPortrait;
				INFOPLIST_KEY_UISupportedInterfaceOrientations_iPad = "UIInterfaceOrientationPortrait UIInterfaceOrientationPortraitUpsideDown";
				INFOPLIST_KEY_UISupportedInterfaceOrientations_iPhone = UIInterfaceOrientationPortrait;
				IPHONEOS_DEPLOYMENT_TARGET = 15.0;
				LD_RUNPATH_SEARCH_PATHS = (
					"$(inherited)",
					"@executable_path/Frameworks",
				);
				MARKETING_VERSION = 1.0;
				PRODUCT_BUNDLE_IDENTIFIER = com.sani.cheliz;
				PRODUCT_NAME = "$(TARGET_NAME)";
				SWIFT_EMIT_LOC_STRINGS = YES;
				SWIFT_VERSION = 5.0;
				TARGETED_DEVICE_FAMILY = 1;
			};
			name = Release;
		};
/* End XCBuildConfiguration section */

/* Begin XCConfigurationList section */
		0A3F32ED28CB4B7500B51DEA /* Build configuration list for PBXProject "Cheliz" */ = {
			isa = XCConfigurationList;
			buildConfigurations = (
				0A3F330428CB4B7600B51DEA /* Debug */,
				0A3F330528CB4B7600B51DEA /* Release */,
			);
			defaultConfigurationIsVisible = 0;
			defaultConfigurationName = Release;
		};
		0A3F330628CB4B7600B51DEA /* Build configuration list for PBXNativeTarget "Cheliz" */ = {
			isa = XCConfigurationList;
			buildConfigurations = (
				0A3F330728CB4B7600B51DEA /* Debug */,
				0A3F330828CB4B7600B51DEA /* Release */,
			);
			defaultConfigurationIsVisible = 0;
			defaultConfigurationName = Release;
		};
/* End XCConfigurationList section */

/* Begin XCRemoteSwiftPackageReference section */
		0A439CBF28E1EE460032A687 /* XCRemoteSwiftPackageReference "Zip" */ = {
			isa = XCRemoteSwiftPackageReference;
			repositoryURL = "https://github.com/marmelroy/Zip";
			requirement = {
				kind = upToNextMajorVersion;
				minimumVersion = 2.0.0;
			};
		};
		0A8AA9AC28CE1EA400EB2AF8 /* XCRemoteSwiftPackageReference "SwiftyJSON" */ = {
			isa = XCRemoteSwiftPackageReference;
			repositoryURL = "https://github.com/SwiftyJSON/SwiftyJSON";
			requirement = {
				kind = upToNextMajorVersion;
				minimumVersion = 5.0.0;
			};
		};
		0A8AA9AF28CE1EB400EB2AF8 /* XCRemoteSwiftPackageReference "Alamofire" */ = {
			isa = XCRemoteSwiftPackageReference;
			repositoryURL = "https://github.com/Alamofire/Alamofire";
			requirement = {
				kind = upToNextMajorVersion;
				minimumVersion = 5.0.0;
			};
		};
		0A8AA9B228CE1ECA00EB2AF8 /* XCRemoteSwiftPackageReference "SnapKit" */ = {
			isa = XCRemoteSwiftPackageReference;
			repositoryURL = "https://github.com/SnapKit/SnapKit.git";
			requirement = {
				kind = upToNextMajorVersion;
				minimumVersion = 5.0.0;
			};
		};
		0A8AA9CD28CF5FD200EB2AF8 /* XCRemoteSwiftPackageReference "Then" */ = {
			isa = XCRemoteSwiftPackageReference;
			repositoryURL = "https://github.com/devxoul/Then.git";
			requirement = {
				kind = upToNextMajorVersion;
				minimumVersion = 3.0.0;
			};
		};
		0AB10D3328D78A79007033E2 /* XCRemoteSwiftPackageReference "Toast-Swift" */ = {
			isa = XCRemoteSwiftPackageReference;
			repositoryURL = "https://github.com/scalessec/Toast-Swift";
			requirement = {
				kind = upToNextMajorVersion;
				minimumVersion = 5.0.0;
			};
		};
		0AF8837728D50077008A4B51 /* XCRemoteSwiftPackageReference "Kingfisher" */ = {
			isa = XCRemoteSwiftPackageReference;
			repositoryURL = "https://github.com/onevcat/Kingfisher";
			requirement = {
				kind = upToNextMajorVersion;
				minimumVersion = 7.0.0;
			};
		};
		0AF8837F28D6EEB5008A4B51 /* XCRemoteSwiftPackageReference "realm-swift" */ = {
			isa = XCRemoteSwiftPackageReference;
			repositoryURL = "https://github.com/realm/realm-swift.git";
			requirement = {
				kind = upToNextMajorVersion;
				minimumVersion = 10.0.0;
			};
		};
/* End XCRemoteSwiftPackageReference section */

/* Begin XCSwiftPackageProductDependency section */
		0A439CC028E1EE460032A687 /* Zip */ = {
			isa = XCSwiftPackageProductDependency;
			package = 0A439CBF28E1EE460032A687 /* XCRemoteSwiftPackageReference "Zip" */;
			productName = Zip;
		};
		0A8AA9AD28CE1EA400EB2AF8 /* SwiftyJSON */ = {
			isa = XCSwiftPackageProductDependency;
			package = 0A8AA9AC28CE1EA400EB2AF8 /* XCRemoteSwiftPackageReference "SwiftyJSON" */;
			productName = SwiftyJSON;
		};
		0A8AA9B028CE1EB400EB2AF8 /* Alamofire */ = {
			isa = XCSwiftPackageProductDependency;
			package = 0A8AA9AF28CE1EB400EB2AF8 /* XCRemoteSwiftPackageReference "Alamofire" */;
			productName = Alamofire;
		};
		0A8AA9B328CE1ECA00EB2AF8 /* SnapKit */ = {
			isa = XCSwiftPackageProductDependency;
			package = 0A8AA9B228CE1ECA00EB2AF8 /* XCRemoteSwiftPackageReference "SnapKit" */;
			productName = SnapKit;
		};
		0A8AA9CE28CF5FD200EB2AF8 /* Then */ = {
			isa = XCSwiftPackageProductDependency;
			package = 0A8AA9CD28CF5FD200EB2AF8 /* XCRemoteSwiftPackageReference "Then" */;
			productName = Then;
		};
		0AB10D3428D78A7A007033E2 /* Toast */ = {
			isa = XCSwiftPackageProductDependency;
			package = 0AB10D3328D78A79007033E2 /* XCRemoteSwiftPackageReference "Toast-Swift" */;
			productName = Toast;
		};
		0AF8837828D50077008A4B51 /* Kingfisher */ = {
			isa = XCSwiftPackageProductDependency;
			package = 0AF8837728D50077008A4B51 /* XCRemoteSwiftPackageReference "Kingfisher" */;
			productName = Kingfisher;
		};
		0AF8838028D6EEB5008A4B51 /* Realm */ = {
			isa = XCSwiftPackageProductDependency;
			package = 0AF8837F28D6EEB5008A4B51 /* XCRemoteSwiftPackageReference "realm-swift" */;
			productName = Realm;
		};
		0AF8838228D6EEB5008A4B51 /* RealmSwift */ = {
			isa = XCSwiftPackageProductDependency;
			package = 0AF8837F28D6EEB5008A4B51 /* XCRemoteSwiftPackageReference "realm-swift" */;
			productName = RealmSwift;
		};
/* End XCSwiftPackageProductDependency section */
	};
	rootObject = 0A3F32EA28CB4B7500B51DEA /* Project object */;
}
